
Microsoft Visual Studio Solution File, Format Version 12.00
# Visual Studio Version 17
VisualStudioVersion = 17.14.36401.2 d17.14
MinimumVisualStudioVersion = 10.0.40219.1
Project("{FAE04EC0-301F-11D3-BF4B-00C04F79EFBC}") = "RdlcSignalRDemo", "RdlcSignalRDemo\RdlcSignalRDemo.csproj", "{01386DE6-2BA7-4386-A4A8-5134E2D57406}"
EndProject
Global
	GlobalSection(SolutionConfigurationPlatforms) = preSolution
		Debug|Any CPU = Debug|Any CPU
		Release|Any CPU = Release|Any CPU
	EndGlobalSection
	GlobalSection(ProjectConfigurationPlatforms) = postSolution
		{01386DE6-2BA7-4386-A4A8-5134E2D57406}.Debug|Any CPU.ActiveCfg = Debug|Any CPU
		{01386DE6-2BA7-4386-A4A8-5134E2D57406}.Debug|Any CPU.Build.0 = Debug|Any CPU
		{01386DE6-2BA7-4386-A4A8-5134E2D57406}.Release|Any CPU.ActiveCfg = Release|Any CPU
		{01386DE6-2BA7-4386-A4A8-5134E2D57406}.Release|Any CPU.Build.0 = Release|Any CPU
	EndGlobalSection
	GlobalSection(SolutionProperties) = preSolution
		HideSolutionNode = FALSE
	EndGlobalSection
	GlobalSection(ExtensibilityGlobals) = postSolution
		SolutionGuid = {E3DC3680-56CE-4AED-9E52-44A2A1B7FD4C}
	EndGlobalSection
EndGlobal
